{
  "lockfileVersion": 1,
  "configVersion": 1,
  "workspaces": {
    "": {
      "dependencies": {
        "@casl/ability": "^7.0.1",
      },
    },
  },
  "packages": {
    "@casl/ability": ["@casl/ability@7.0.1", "", { "dependencies": { "@ucast/mongo2js": "^2.0.0" } }, "sha512-krOW1zQGEie5lH6fpryrcsPvc5r2pe5Vn5xbthuzc5X9gwzHIyZgGGgw9dMoSLHXdjB4BIVxGG/HBkG+1NuyZQ=="],

    "@ucast/core": ["@ucast/core@2.0.0", "", {}, "sha512-4XVx6LzPXZGvnZO5jp39cm/G4UvuwvEdtmg+9+4+zl6uFkCcB7UJacvtMYeBE56GJVT99Zqy6Pii7dGJq3Kz9Q=="],

    "@ucast/js": ["@ucast/js@4.0.1", "", { "dependencies": { "@ucast/core": "2.0.0" } }, "sha512-9O5xPBvwEWQk2WvO69Eh2WJB8QljVZ2vRVdFvfnKjlZwWXcYxp1lqLBhwXBU1AtuSgCvKhJPkXdjKJggUmAmQQ=="],

    "@ucast/mongo": ["@ucast/mongo@3.0.0", "", { "dependencies": { "@ucast/core": "2.0.0" } }, "sha512-kwuSH+kdB4GCR0LGhy/PEDm4PCflur89AlK82kNiYD0FvsA8A/p+0sx7m+/R8mMFAlmlkAd3VXp7sM/cLLYWYg=="],

    "@ucast/mongo2js": ["@ucast/mongo2js@2.0.0", "", { "dependencies": { "@ucast/core": "2.0.0", "@ucast/js": "4.0.1", "@ucast/mongo": "3.0.0" } }, "sha512-vNBZzRnsfLr/TSxEoxz6W6hHQ5tmWsfEeC0nCq5z8RezC1AqIRy3cfHm8AGvlGtcn+cTSFQcZremfqnz6wm+nQ=="],
  }
}
